Microsoft Visual Studio Solution File, Format Version 11.00
# Visual Studio 2008

Project("{BEC2B2AB-3636-FD59-95E7-266790F6051C}") = "ForetEnchanteeIA", "Assembly-CSharp.csproj", "{5FF9C522-2243-05DB-6EDE-C5FB11A573FC}"
EndProject
Global
	GlobalSection(SolutionConfigurationPlatforms) = preSolution
		Debug|Any CPU = Debug|Any CPU
		Release|Any CPU = Release|Any CPU
	EndGlobalSection
	GlobalSection(ProjectConfigurationPlatforms) = postSolution
		{5FF9C522-2243-05DB-6EDE-C5FB11A573FC}.Debug|Any CPU.ActiveCfg = Debug|Any CPU
		{5FF9C522-2243-05DB-6EDE-C5FB11A573FC}.Debug|Any CPU.Build.0 = Debug|Any CPU
		{5FF9C522-2243-05DB-6EDE-C5FB11A573FC}.Release|Any CPU.ActiveCfg = Release|Any CPU
		{5FF9C522-2243-05DB-6EDE-C5FB11A573FC}.Release|Any CPU.Build.0 = Release|Any CPU
	EndGlobalSection
	GlobalSection(SolutionProperties) = preSolution
		HideSolutionNode = FALSE
	EndGlobalSection
	GlobalSection(MonoDevelopProperties) = preSolution
		StartupItem = Assembly-CSharp.csproj
	EndGlobalSection
EndGlobal
